
Microsoft Visual Studio Solution File, Format Version 11.00
# Visual Studio 2010
Project("{FAE04EC0-301F-11D3-BF4B-00C04F79EFBC}") = "Assembly-CSharp", "Assembly-CSharp.csproj", "{7ff7b4a6-7ed8-7b04-1b2f-d21332bb8d96}"
EndProject
Project("{FAE04EC0-301F-11D3-BF4B-00C04F79EFBC}") = "Assembly-CSharp-Editor", "Assembly-CSharp-Editor.csproj", "{70a5dd99-5540-47b4-1a5c-b480ffebc39a}"
EndProject
Global
	GlobalSection(SolutionConfigurationPlatforms) = preSolution
		Debug|Any CPU = Debug|Any CPU
	EndGlobalSection
	GlobalSection(ProjectConfigurationPlatforms) = postSolution
		{7ff7b4a6-7ed8-7b04-1b2f-d21332bb8d96}.Debug|Any CPU.ActiveCfg = Debug|Any CPU
		{7ff7b4a6-7ed8-7b04-1b2f-d21332bb8d96}.Debug|Any CPU.Build.0 = Debug|Any CPU
		{70a5dd99-5540-47b4-1a5c-b480ffebc39a}.Debug|Any CPU.ActiveCfg = Debug|Any CPU
		{70a5dd99-5540-47b4-1a5c-b480ffebc39a}.Debug|Any CPU.Build.0 = Debug|Any CPU
	EndGlobalSection
	GlobalSection(SolutionProperties) = preSolution
		HideSolutionNode = FALSE
	EndGlobalSection
EndGlobal
